
Microsoft Visual Studio Solution File, Format Version 12.00
# Visual Studio Version 17
VisualStudioVersion = 17.7.34031.279
MinimumVisualStudioVersion = 10.0.40219.1
Project("{FAE04EC0-301F-11D3-BF4B-00C04F79EFBC}") = "YetgenAkbank.MVCClient", "yetgenakbank.mvcclient\YetgenAkbank.MVCClient.csproj", "{8790E419-B2F0-4682-A11D-497098653DA7}"
EndProject
Project("{FAE04EC0-301F-11D3-BF4B-00C04F79EFBC}") = "YetgenAkbankJump.OOPConsole", "ClassLibrary1\YetgenAkbankJump.OOPConsole.csproj", "{5BA32C49-B062-4429-8594-555235E7ED85}"
EndProject
Project("{FAE04EC0-301F-11D3-BF4B-00C04F79EFBC}") = "YetgenAkbankJump.Shared", "YetgenAkbankJump.Shared\YetgenAkbankJump.Shared.csproj", "{B451A97C-E8FE-42DF-935E-E6FB8541AB3A}"
EndProject
Project("{FAE04EC0-301F-11D3-BF4B-00C04F79EFBC}") = "YetgenAkbankJump.Domain", "YetgenAkbankJump.Domain\YetgenAkbankJump.Domain.csproj", "{7F94A9AE-8956-4A75-9E60-EB7E82FFF2AD}"
EndProject
Project("{FAE04EC0-301F-11D3-BF4B-00C04F79EFBC}") = "YetgenAkbankJump.WebApi", "YetgenAkbankJump.WebApi\YetgenAkbankJump.WebApi.csproj", "{BB40DE21-46B0-4F5B-B043-629414FAE1AA}"
EndProject
Project("{FAE04EC0-301F-11D3-BF4B-00C04F79EFBC}") = "YetgenAkbankJump.BlazorClient", "YetgenAkbankJump.BlazorClient\YetgenAkbankJump.BlazorClient.csproj", "{37003307-7165-43FD-80FF-5F0623A9A8B5}"
EndProject
Global
	GlobalSection(SolutionConfigurationPlatforms) = preSolution
		Debug|Any CPU = Debug|Any CPU
		Release|Any CPU = Release|Any CPU
	EndGlobalSection
	GlobalSection(ProjectConfigurationPlatforms) = postSolution
		{8790E419-B2F0-4682-A11D-497098653DA7}.Debug|Any CPU.ActiveCfg = Debug|Any CPU
		{8790E419-B2F0-4682-A11D-497098653DA7}.Debug|Any CPU.Build.0 = Debug|Any CPU
		{8790E419-B2F0-4682-A11D-497098653DA7}.Release|Any CPU.ActiveCfg = Release|Any CPU
		{8790E419-B2F0-4682-A11D-497098653DA7}.Release|Any CPU.Build.0 = Release|Any CPU
		{5BA32C49-B062-4429-8594-555235E7ED85}.Debug|Any CPU.ActiveCfg = Debug|Any CPU
		{5BA32C49-B062-4429-8594-555235E7ED85}.Debug|Any CPU.Build.0 = Debug|Any CPU
		{5BA32C49-B062-4429-8594-555235E7ED85}.Release|Any CPU.ActiveCfg = Release|Any CPU
		{5BA32C49-B062-4429-8594-555235E7ED85}.Release|Any CPU.Build.0 = Release|Any CPU
		{B451A97C-E8FE-42DF-935E-E6FB8541AB3A}.Debug|Any CPU.ActiveCfg = Debug|Any CPU
		{B451A97C-E8FE-42DF-935E-E6FB8541AB3A}.Debug|Any CPU.Build.0 = Debug|Any CPU
		{B451A97C-E8FE-42DF-935E-E6FB8541AB3A}.Release|Any CPU.ActiveCfg = Release|Any CPU
		{B451A97C-E8FE-42DF-935E-E6FB8541AB3A}.Release|Any CPU.Build.0 = Release|Any CPU
		{7F94A9AE-8956-4A75-9E60-EB7E82FFF2AD}.Debug|Any CPU.ActiveCfg = Debug|Any CPU
		{7F94A9AE-8956-4A75-9E60-EB7E82FFF2AD}.Debug|Any CPU.Build.0 = Debug|Any CPU
		{7F94A9AE-8956-4A75-9E60-EB7E82FFF2AD}.Release|Any CPU.ActiveCfg = Release|Any CPU
		{7F94A9AE-8956-4A75-9E60-EB7E82FFF2AD}.Release|Any CPU.Build.0 = Release|Any CPU
		{BB40DE21-46B0-4F5B-B043-629414FAE1AA}.Debug|Any CPU.ActiveCfg = Debug|Any CPU
		{BB40DE21-46B0-4F5B-B043-629414FAE1AA}.Debug|Any CPU.Build.0 = Debug|Any CPU
		{BB40DE21-46B0-4F5B-B043-629414FAE1AA}.Release|Any CPU.ActiveCfg = Release|Any CPU
		{BB40DE21-46B0-4F5B-B043-629414FAE1AA}.Release|Any CPU.Build.0 = Release|Any CPU
		{37003307-7165-43FD-80FF-5F0623A9A8B5}.Debug|Any CPU.ActiveCfg = Debug|Any CPU
		{37003307-7165-43FD-80FF-5F0623A9A8B5}.Debug|Any CPU.Build.0 = Debug|Any CPU
		{37003307-7165-43FD-80FF-5F0623A9A8B5}.Release|Any CPU.ActiveCfg = Release|Any CPU
		{37003307-7165-43FD-80FF-5F0623A9A8B5}.Release|Any CPU.Build.0 = Release|Any CPU
	EndGlobalSection
	GlobalSection(SolutionProperties) = preSolution
		HideSolutionNode = FALSE
	EndGlobalSection
	GlobalSection(ExtensibilityGlobals) = postSolution
		SolutionGuid = {3385A9B3-C259-4039-A3EE-E8AE21E2010B}
	EndGlobalSection
EndGlobal
